
Microsoft Visual Studio Solution File, Format Version 12.00
# Visual Studio Version 17
VisualStudioVersion = 17.14.37027.9
MinimumVisualStudioVersion = 10.0.40219.1
Project("{FAE04EC0-301F-11D3-BF4B-00C04F79EFBC}") = "WellTool.Http", "WellTool.Http\WellTool.Http.csproj", "{1D84DDDD-B0FB-406C-82D6-CE65E2505D7D}"
EndProject
Global
	GlobalSection(SolutionConfigurationPlatforms) = preSolution
		Debug|Any CPU = Debug|Any CPU
		Release|Any CPU = Release|Any CPU
	EndGlobalSection
	GlobalSection(ProjectConfigurationPlatforms) = postSolution
		{1D84DDDD-B0FB-406C-82D6-CE65E2505D7D}.Debug|Any CPU.ActiveCfg = Debug|Any CPU
		{1D84DDDD-B0FB-406C-82D6-CE65E2505D7D}.Debug|Any CPU.Build.0 = Debug|Any CPU
		{1D84DDDD-B0FB-406C-82D6-CE65E2505D7D}.Release|Any CPU.ActiveCfg = Release|Any CPU
		{1D84DDDD-B0FB-406C-82D6-CE65E2505D7D}.Release|Any CPU.Build.0 = Release|Any CPU
	EndGlobalSection
	GlobalSection(SolutionProperties) = preSolution
		HideSolutionNode = FALSE
	EndGlobalSection
	GlobalSection(ExtensibilityGlobals) = postSolution
		SolutionGuid = {D3DC11E5-00EA-4419-A30F-F9A9F0843104}
	EndGlobalSection
EndGlobal
