
Microsoft Visual Studio Solution File, Format Version 12.00
# Visual Studio Version 17
VisualStudioVersion = 17.14.37027.9
MinimumVisualStudioVersion = 10.0.40219.1
Project("{FAE04EC0-301F-11D3-BF4B-00C04F79EFBC}") = "WellTool.Captcha", "WellTool.Captcha\WellTool.Captcha.csproj", "{AA151533-1ABB-4BF8-84A9-CE5CF146F7F6}"
EndProject
Project("{FAE04EC0-301F-11D3-BF4B-00C04F79EFBC}") = "WellTool.Setting", "WellTool.Setting\WellTool.Setting.csproj", "{C2557FF1-CA04-4AE4-A5AD-132369494CAB}"
EndProject
Project("{FAE04EC0-301F-11D3-BF4B-00C04F79EFBC}") = "WellTool.Setting.Tests", "WellTool.Setting.Tests\WellTool.Setting.Tests.csproj", "{B3D8A9E2-4F1C-4E89-9A7B-1234567890AB}"
EndProject
Project("{FAE04EC0-301F-11D3-BF4B-00C04F79EFBC}") = "WellTool.Captcha.Tests", "WellTool.Captcha.Tests\WellTool.Captcha.Tests.csproj", "{FDB55AAA-22C3-9613-2793-08ECC9CC119E}"
EndProject
Project("{FAE04EC0-301F-11D3-BF4B-00C04F79EFBC}") = "WellTool.Http", "WellTool.Http\WellTool.Http.csproj", "{22BC4EE8-13C2-3912-2532-B42329E8BD71}"
EndProject
Project("{FAE04EC0-301F-11D3-BF4B-00C04F79EFBC}") = "WellTool.Http.Tests", "WellTool.Http.Tests\WellTool.Http.Tests.csproj", "{F789E9AA-8CC8-61BE-1F68-2DE03BDA4E4D}"
EndProject
Project("{FAE04EC0-301F-11D3-BF4B-00C04F79EFBC}") = "WellTool.AI", "WellTool.AI\WellTool.AI.csproj", "{242E2F16-920C-472E-92F6-9326AE690784}"
EndProject
Project("{FAE04EC0-301F-11D3-BF4B-00C04F79EFBC}") = "WellTool.AI.Tests", "WellTool.AI.Tests\WellTool.AI.Tests.csproj", "{BC4BAEBF-B8F1-F954-CC2C-B9E53029ABF6}"
EndProject
Project("{FAE04EC0-301F-11D3-BF4B-00C04F79EFBC}") = "WellTool.Aop", "WellTool.Aop\WellTool.Aop.csproj", "{92C3DDE7-C674-49D7-880E-9BDC99A19A06}"
EndProject
Project("{FAE04EC0-301F-11D3-BF4B-00C04F79EFBC}") = "WellTool.Aop.Tests", "WellTool.Aop.Tests\WellTool.Aop.Tests.csproj", "{0F10D18C-AE48-2A98-856B-7657911BEFDE}"
EndProject
Project("{2150E333-8FDC-42A3-9474-1A3956D46DE8}") = "test", "test", "{02EA681E-C7D8-13C7-8484-4AC65E1B71E8}"
EndProject
Project("{FAE04EC0-301F-11D3-BF4B-00C04F79EFBC}") = "WellTool.BloomFilter", "WellTool.BloomFilter\WellTool.BloomFilter.csproj", "{E835F1E5-DD55-4DF2-812A-CFC0914B81E7}"
EndProject
Project("{FAE04EC0-301F-11D3-BF4B-00C04F79EFBC}") = "WellTool.BloomFilter.Tests", "WellTool.BloomFilter.Tests\WellTool.BloomFilter.Tests.csproj", "{ED4949C9-BF4A-ED3C-D39E-F95FF45D75F7}"
EndProject
Project("{FAE04EC0-301F-11D3-BF4B-00C04F79EFBC}") = "WellTool.Cache", "WellTool.Cache\WellTool.Cache.csproj", "{337E13B3-96FE-4A02-866E-57C1AEDAB059}"
EndProject
Project("{FAE04EC0-301F-11D3-BF4B-00C04F79EFBC}") = "WellTool.Bom", "WellTool.Bom\WellTool.Bom.csproj", "{44DF8F57-EDD6-40FF-940F-A88031DC767D}"
EndProject
Project("{FAE04EC0-301F-11D3-BF4B-00C04F79EFBC}") = "WellTool.Core", "WellTool.Core\WellTool.Core.csproj", "{74D454F5-BCBE-4DB2-8E98-12336F67A20D}"
EndProject
Project("{FAE04EC0-301F-11D3-BF4B-00C04F79EFBC}") = "WellTool.Log", "WellTool.Log\WellTool.Log.csproj", "{67BB7490-B63F-4532-9B9C-59EF89B0ED88}"
EndProject
Project("{FAE04EC0-301F-11D3-BF4B-00C04F79EFBC}") = "WellTool.System", "WellTool.System\WellTool.System.csproj", "{13D309C7-F2B4-4FB3-99FE-D88ED9EEFBF7}"
EndProject
Project("{FAE04EC0-301F-11D3-BF4B-00C04F79EFBC}") = "WellTool.Socket", "WellTool.Socket\WellTool.Socket.csproj", "{331FB5CC-ECF2-4FAC-B947-2922BC8EAA5F}"
EndProject
Project("{FAE04EC0-301F-11D3-BF4B-00C04F79EFBC}") = "WellTool.Core.Tests", "WellTool.Core.Tests\WellTool.Core.Tests.csproj", "{973D3338-9326-2EF0-019C-C9E793677FA2}"
EndProject
Project("{FAE04EC0-301F-11D3-BF4B-00C04F79EFBC}") = "WellTool.System.Tests", "WellTool.System.Tests\WellTool.System.Tests.csproj", "{096E039A-C707-47D9-BE1D-B6DA86E5022B}"
EndProject
Project("{FAE04EC0-301F-11D3-BF4B-00C04F79EFBC}") = "WellTool.Socket.Tests", "WellTool.Socket.Tests\WellTool.Socket.Tests.csproj", "{70820D65-1A9A-4BC0-A957-12172907525A}"
EndProject
Project("{FAE04EC0-301F-11D3-BF4B-00C04F79EFBC}") = "WellTool.Log.Tests", "WellTool.Log.Tests\WellTool.Log.Tests.csproj", "{9646B583-4427-4488-BAC1-F41713D11611}"
EndProject
Project("{FAE04EC0-301F-11D3-BF4B-00C04F79EFBC}") = "WellTool.Json", "WellTool.Json\WellTool.Json.csproj", "{8F208FCC-1290-4C22-9505-743BC4BAA33F}"
EndProject
Project("{FAE04EC0-301F-11D3-BF4B-00C04F79EFBC}") = "WellTool.Cache.Tests", "WellTool.Cache.Tests\WellTool.Cache.Tests.csproj", "{B774899C-8928-EFBC-3A14-54DAC14F3780}"
EndProject
Project("{FAE04EC0-301F-11D3-BF4B-00C04F79EFBC}") = "WellTool.Cron", "WellTool.Cron\WellTool.Cron.csproj", "{C25045FF-50B1-4E01-9C96-91552683776F}"
EndProject
Project("{FAE04EC0-301F-11D3-BF4B-00C04F79EFBC}") = "WellTool.Crypto", "WellTool.Crypto\WellTool.Crypto.csproj", "{5E8FCF68-43EC-4A8E-ADEC-44E486FC2A81}"
EndProject
Project("{FAE04EC0-301F-11D3-BF4B-00C04F79EFBC}") = "WellTool.Cron.Tests", "WellTool.Cron.Tests\WellTool.Cron.Tests.csproj", "{3FB390AF-CCC0-23CE-8DC1-8E19DFBC2A83}"
EndProject
Project("{FAE04EC0-301F-11D3-BF4B-00C04F79EFBC}") = "WellTool.Crypto.Tests", "WellTool.Crypto.Tests\WellTool.Crypto.Tests.csproj", "{F7BCF4DC-0E6B-41D0-401E-0FCD1605AC0F}"
EndProject
Project("{FAE04EC0-301F-11D3-BF4B-00C04F79EFBC}") = "WellTool.Jwt", "WellTool.Jwt\WellTool.Jwt.csproj", "{6C7387A2-6010-47B6-9D73-52C8F9374172}"
EndProject
Global
	GlobalSection(SolutionConfigurationPlatforms) = preSolution
		Debug|Any CPU = Debug|Any CPU
		Debug|x64 = Debug|x64
		Debug|x86 = Debug|x86
		Release|Any CPU = Release|Any CPU
		Release|x64 = Release|x64
		Release|x86 = Release|x86
	EndGlobalSection
	GlobalSection(ProjectConfigurationPlatforms) = postSolution
		{AA151533-1ABB-4BF8-84A9-CE5CF146F7F6}.Debug|Any CPU.ActiveCfg = Debug|Any CPU
		{AA151533-1ABB-4BF8-84A9-CE5CF146F7F6}.Debug|Any CPU.Build.0 = Debug|Any CPU
		{AA151533-1ABB-4BF8-84A9-CE5CF146F7F6}.Debug|x64.ActiveCfg = Debug|Any CPU
		{AA151533-1ABB-4BF8-84A9-CE5CF146F7F6}.Debug|x64.Build.0 = Debug|Any CPU
		{AA151533-1ABB-4BF8-84A9-CE5CF146F7F6}.Debug|x86.ActiveCfg = Debug|Any CPU
		{AA151533-1ABB-4BF8-84A9-CE5CF146F7F6}.Debug|x86.Build.0 = Debug|Any CPU
		{AA151533-1ABB-4BF8-84A9-CE5CF146F7F6}.Release|Any CPU.ActiveCfg = Release|Any CPU
		{AA151533-1ABB-4BF8-84A9-CE5CF146F7F6}.Release|Any CPU.Build.0 = Release|Any CPU
		{AA151533-1ABB-4BF8-84A9-CE5CF146F7F6}.Release|x64.ActiveCfg = Release|Any CPU
		{AA151533-1ABB-4BF8-84A9-CE5CF146F7F6}.Release|x64.Build.0 = Release|Any CPU
		{AA151533-1ABB-4BF8-84A9-CE5CF146F7F6}.Release|x86.ActiveCfg = Release|Any CPU
		{AA151533-1ABB-4BF8-84A9-CE5CF146F7F6}.Release|x86.Build.0 = Release|Any CPU
		{C2557FF1-CA04-4AE4-A5AD-132369494CAB}.Debug|Any CPU.ActiveCfg = Debug|Any CPU
		{C2557FF1-CA04-4AE4-A5AD-132369494CAB}.Debug|Any CPU.Build.0 = Debug|Any CPU
		{C2557FF1-CA04-4AE4-A5AD-132369494CAB}.Debug|x64.ActiveCfg = Debug|Any CPU
		{C2557FF1-CA04-4AE4-A5AD-132369494CAB}.Debug|x64.Build.0 = Debug|Any CPU
		{C2557FF1-CA04-4AE4-A5AD-132369494CAB}.Debug|x86.ActiveCfg = Debug|Any CPU
		{C2557FF1-CA04-4AE4-A5AD-132369494CAB}.Debug|x86.Build.0 = Debug|Any CPU
		{C2557FF1-CA04-4AE4-A5AD-132369494CAB}.Release|Any CPU.ActiveCfg = Release|Any CPU
		{C2557FF1-CA04-4AE4-A5AD-132369494CAB}.Release|Any CPU.Build.0 = Release|Any CPU
		{C2557FF1-CA04-4AE4-A5AD-132369494CAB}.Release|x64.ActiveCfg = Release|Any CPU
		{C2557FF1-CA04-4AE4-A5AD-132369494CAB}.Release|x64.Build.0 = Release|Any CPU
		{C2557FF1-CA04-4AE4-A5AD-132369494CAB}.Release|x86.ActiveCfg = Release|Any CPU
		{C2557FF1-CA04-4AE4-A5AD-132369494CAB}.Release|x86.Build.0 = Release|Any CPU
		{B3D8A9E2-4F1C-4E89-9A7B-1234567890AB}.Debug|Any CPU.ActiveCfg = Debug|Any CPU
		{B3D8A9E2-4F1C-4E89-9A7B-1234567890AB}.Debug|Any CPU.Build.0 = Debug|Any CPU
		{B3D8A9E2-4F1C-4E89-9A7B-1234567890AB}.Debug|x64.ActiveCfg = Debug|Any CPU
		{B3D8A9E2-4F1C-4E89-9A7B-1234567890AB}.Debug|x64.Build.0 = Debug|Any CPU
		{B3D8A9E2-4F1C-4E89-9A7B-1234567890AB}.Debug|x86.ActiveCfg = Debug|Any CPU
		{B3D8A9E2-4F1C-4E89-9A7B-1234567890AB}.Debug|x86.Build.0 = Debug|Any CPU
		{B3D8A9E2-4F1C-4E89-9A7B-1234567890AB}.Release|Any CPU.ActiveCfg = Release|Any CPU
		{B3D8A9E2-4F1C-4E89-9A7B-1234567890AB}.Release|Any CPU.Build.0 = Release|Any CPU
		{B3D8A9E2-4F1C-4E89-9A7B-1234567890AB}.Release|x64.ActiveCfg = Release|Any CPU
		{B3D8A9E2-4F1C-4E89-9A7B-1234567890AB}.Release|x64.Build.0 = Release|Any CPU
		{B3D8A9E2-4F1C-4E89-9A7B-1234567890AB}.Release|x86.ActiveCfg = Release|Any CPU
		{B3D8A9E2-4F1C-4E89-9A7B-1234567890AB}.Release|x86.Build.0 = Release|Any CPU
		{FDB55AAA-22C3-9613-2793-08ECC9CC119E}.Debug|Any CPU.ActiveCfg = Debug|Any CPU
		{FDB55AAA-22C3-9613-2793-08ECC9CC119E}.Debug|Any CPU.Build.0 = Debug|Any CPU
		{FDB55AAA-22C3-9613-2793-08ECC9CC119E}.Debug|x64.ActiveCfg = Debug|Any CPU
		{FDB55AAA-22C3-9613-2793-08ECC9CC119E}.Debug|x64.Build.0 = Debug|Any CPU
		{FDB55AAA-22C3-9613-2793-08ECC9CC119E}.Debug|x86.ActiveCfg = Debug|Any CPU
		{FDB55AAA-22C3-9613-2793-08ECC9CC119E}.Debug|x86.Build.0 = Debug|Any CPU
		{FDB55AAA-22C3-9613-2793-08ECC9CC119E}.Release|Any CPU.ActiveCfg = Release|Any CPU
		{FDB55AAA-22C3-9613-2793-08ECC9CC119E}.Release|Any CPU.Build.0 = Release|Any CPU
		{FDB55AAA-22C3-9613-2793-08ECC9CC119E}.Release|x64.ActiveCfg = Release|Any CPU
		{FDB55AAA-22C3-9613-2793-08ECC9CC119E}.Release|x64.Build.0 = Release|Any CPU
		{FDB55AAA-22C3-9613-2793-08ECC9CC119E}.Release|x86.ActiveCfg = Release|Any CPU
		{FDB55AAA-22C3-9613-2793-08ECC9CC119E}.Release|x86.Build.0 = Release|Any CPU
		{22BC4EE8-13C2-3912-2532-B42329E8BD71}.Debug|Any CPU.ActiveCfg = Debug|Any CPU
		{22BC4EE8-13C2-3912-2532-B42329E8BD71}.Debug|Any CPU.Build.0 = Debug|Any CPU
		{22BC4EE8-13C2-3912-2532-B42329E8BD71}.Debug|x64.ActiveCfg = Debug|Any CPU
		{22BC4EE8-13C2-3912-2532-B42329E8BD71}.Debug|x64.Build.0 = Debug|Any CPU
		{22BC4EE8-13C2-3912-2532-B42329E8BD71}.Debug|x86.ActiveCfg = Debug|Any CPU
		{22BC4EE8-13C2-3912-2532-B42329E8BD71}.Debug|x86.Build.0 = Debug|Any CPU
		{22BC4EE8-13C2-3912-2532-B42329E8BD71}.Release|Any CPU.ActiveCfg = Release|Any CPU
		{22BC4EE8-13C2-3912-2532-B42329E8BD71}.Release|Any CPU.Build.0 = Release|Any CPU
		{22BC4EE8-13C2-3912-2532-B42329E8BD71}.Release|x64.ActiveCfg = Release|Any CPU
		{22BC4EE8-13C2-3912-2532-B42329E8BD71}.Release|x64.Build.0 = Release|Any CPU
		{22BC4EE8-13C2-3912-2532-B42329E8BD71}.Release|x86.ActiveCfg = Release|Any CPU
		{22BC4EE8-13C2-3912-2532-B42329E8BD71}.Release|x86.Build.0 = Release|Any CPU
		{F789E9AA-8CC8-61BE-1F68-2DE03BDA4E4D}.Debug|Any CPU.ActiveCfg = Debug|Any CPU
		{F789E9AA-8CC8-61BE-1F68-2DE03BDA4E4D}.Debug|Any CPU.Build.0 = Debug|Any CPU
		{F789E9AA-8CC8-61BE-1F68-2DE03BDA4E4D}.Debug|x64.ActiveCfg = Debug|Any CPU
		{F789E9AA-8CC8-61BE-1F68-2DE03BDA4E4D}.Debug|x64.Build.0 = Debug|Any CPU
		{F789E9AA-8CC8-61BE-1F68-2DE03BDA4E4D}.Debug|x86.ActiveCfg = Debug|Any CPU
		{F789E9AA-8CC8-61BE-1F68-2DE03BDA4E4D}.Debug|x86.Build.0 = Debug|Any CPU
		{F789E9AA-8CC8-61BE-1F68-2DE03BDA4E4D}.Release|Any CPU.ActiveCfg = Release|Any CPU
		{F789E9AA-8CC8-61BE-1F68-2DE03BDA4E4D}.Release|Any CPU.Build.0 = Release|Any CPU
		{F789E9AA-8CC8-61BE-1F68-2DE03BDA4E4D}.Release|x64.ActiveCfg = Release|Any CPU
		{F789E9AA-8CC8-61BE-1F68-2DE03BDA4E4D}.Release|x64.Build.0 = Release|Any CPU
		{F789E9AA-8CC8-61BE-1F68-2DE03BDA4E4D}.Release|x86.ActiveCfg = Release|Any CPU
		{F789E9AA-8CC8-61BE-1F68-2DE03BDA4E4D}.Release|x86.Build.0 = Release|Any CPU
		{242E2F16-920C-472E-92F6-9326AE690784}.Debug|Any CPU.ActiveCfg = Debug|Any CPU
		{242E2F16-920C-472E-92F6-9326AE690784}.Debug|Any CPU.Build.0 = Debug|Any CPU
		{242E2F16-920C-472E-92F6-9326AE690784}.Debug|x64.ActiveCfg = Debug|Any CPU
		{242E2F16-920C-472E-92F6-9326AE690784}.Debug|x64.Build.0 = Debug|Any CPU
		{242E2F16-920C-472E-92F6-9326AE690784}.Debug|x86.ActiveCfg = Debug|Any CPU
		{242E2F16-920C-472E-92F6-9326AE690784}.Debug|x86.Build.0 = Debug|Any CPU
		{242E2F16-920C-472E-92F6-9326AE690784}.Release|Any CPU.ActiveCfg = Release|Any CPU
		{242E2F16-920C-472E-92F6-9326AE690784}.Release|Any CPU.Build.0 = Release|Any CPU
		{242E2F16-920C-472E-92F6-9326AE690784}.Release|x64.ActiveCfg = Release|Any CPU
		{242E2F16-920C-472E-92F6-9326AE690784}.Release|x64.Build.0 = Release|Any CPU
		{242E2F16-920C-472E-92F6-9326AE690784}.Release|x86.ActiveCfg = Release|Any CPU
		{242E2F16-920C-472E-92F6-9326AE690784}.Release|x86.Build.0 = Release|Any CPU
		{BC4BAEBF-B8F1-F954-CC2C-B9E53029ABF6}.Debug|Any CPU.ActiveCfg = Debug|Any CPU
		{BC4BAEBF-B8F1-F954-CC2C-B9E53029ABF6}.Debug|Any CPU.Build.0 = Debug|Any CPU
		{BC4BAEBF-B8F1-F954-CC2C-B9E53029ABF6}.Debug|x64.ActiveCfg = Debug|Any CPU
		{BC4BAEBF-B8F1-F954-CC2C-B9E53029ABF6}.Debug|x64.Build.0 = Debug|Any CPU
		{BC4BAEBF-B8F1-F954-CC2C-B9E53029ABF6}.Debug|x86.ActiveCfg = Debug|Any CPU
		{BC4BAEBF-B8F1-F954-CC2C-B9E53029ABF6}.Debug|x86.Build.0 = Debug|Any CPU
		{BC4BAEBF-B8F1-F954-CC2C-B9E53029ABF6}.Release|Any CPU.ActiveCfg = Release|Any CPU
		{BC4BAEBF-B8F1-F954-CC2C-B9E53029ABF6}.Release|Any CPU.Build.0 = Release|Any CPU
		{BC4BAEBF-B8F1-F954-CC2C-B9E53029ABF6}.Release|x64.ActiveCfg = Release|Any CPU
		{BC4BAEBF-B8F1-F954-CC2C-B9E53029ABF6}.Release|x64.Build.0 = Release|Any CPU
		{BC4BAEBF-B8F1-F954-CC2C-B9E53029ABF6}.Release|x86.ActiveCfg = Release|Any CPU
		{BC4BAEBF-B8F1-F954-CC2C-B9E53029ABF6}.Release|x86.Build.0 = Release|Any CPU
		{92C3DDE7-C674-49D7-880E-9BDC99A19A06}.Debug|Any CPU.ActiveCfg = Debug|Any CPU
		{92C3DDE7-C674-49D7-880E-9BDC99A19A06}.Debug|Any CPU.Build.0 = Debug|Any CPU
		{92C3DDE7-C674-49D7-880E-9BDC99A19A06}.Debug|x64.ActiveCfg = Debug|Any CPU
		{92C3DDE7-C674-49D7-880E-9BDC99A19A06}.Debug|x64.Build.0 = Debug|Any CPU
		{92C3DDE7-C674-49D7-880E-9BDC99A19A06}.Debug|x86.ActiveCfg = Debug|Any CPU
		{92C3DDE7-C674-49D7-880E-9BDC99A19A06}.Debug|x86.Build.0 = Debug|Any CPU
		{92C3DDE7-C674-49D7-880E-9BDC99A19A06}.Release|Any CPU.ActiveCfg = Release|Any CPU
		{92C3DDE7-C674-49D7-880E-9BDC99A19A06}.Release|Any CPU.Build.0 = Release|Any CPU
		{92C3DDE7-C674-49D7-880E-9BDC99A19A06}.Release|x64.ActiveCfg = Release|Any CPU
		{92C3DDE7-C674-49D7-880E-9BDC99A19A06}.Release|x64.Build.0 = Release|Any CPU
		{92C3DDE7-C674-49D7-880E-9BDC99A19A06}.Release|x86.ActiveCfg = Release|Any CPU
		{92C3DDE7-C674-49D7-880E-9BDC99A19A06}.Release|x86.Build.0 = Release|Any CPU
		{0F10D18C-AE48-2A98-856B-7657911BEFDE}.Debug|Any CPU.ActiveCfg = Debug|Any CPU
		{0F10D18C-AE48-2A98-856B-7657911BEFDE}.Debug|Any CPU.Build.0 = Debug|Any CPU
		{0F10D18C-AE48-2A98-856B-7657911BEFDE}.Debug|x64.ActiveCfg = Debug|Any CPU
		{0F10D18C-AE48-2A98-856B-7657911BEFDE}.Debug|x64.Build.0 = Debug|Any CPU
		{0F10D18C-AE48-2A98-856B-7657911BEFDE}.Debug|x86.ActiveCfg = Debug|Any CPU
		{0F10D18C-AE48-2A98-856B-7657911BEFDE}.Debug|x86.Build.0 = Debug|Any CPU
		{0F10D18C-AE48-2A98-856B-7657911BEFDE}.Release|Any CPU.ActiveCfg = Release|Any CPU
		{0F10D18C-AE48-2A98-856B-7657911BEFDE}.Release|Any CPU.Build.0 = Release|Any CPU
		{0F10D18C-AE48-2A98-856B-7657911BEFDE}.Release|x64.ActiveCfg = Release|Any CPU
		{0F10D18C-AE48-2A98-856B-7657911BEFDE}.Release|x64.Build.0 = Release|Any CPU
		{0F10D18C-AE48-2A98-856B-7657911BEFDE}.Release|x86.ActiveCfg = Release|Any CPU
		{0F10D18C-AE48-2A98-856B-7657911BEFDE}.Release|x86.Build.0 = Release|Any CPU
		{E835F1E5-DD55-4DF2-812A-CFC0914B81E7}.Debug|Any CPU.ActiveCfg = Debug|Any CPU
		{E835F1E5-DD55-4DF2-812A-CFC0914B81E7}.Debug|Any CPU.Build.0 = Debug|Any CPU
		{E835F1E5-DD55-4DF2-812A-CFC0914B81E7}.Debug|x64.ActiveCfg = Debug|Any CPU
		{E835F1E5-DD55-4DF2-812A-CFC0914B81E7}.Debug|x64.Build.0 = Debug|Any CPU
		{E835F1E5-DD55-4DF2-812A-CFC0914B81E7}.Debug|x86.ActiveCfg = Debug|Any CPU
		{E835F1E5-DD55-4DF2-812A-CFC0914B81E7}.Debug|x86.Build.0 = Debug|Any CPU
		{E835F1E5-DD55-4DF2-812A-CFC0914B81E7}.Release|Any CPU.ActiveCfg = Release|Any CPU
		{E835F1E5-DD55-4DF2-812A-CFC0914B81E7}.Release|Any CPU.Build.0 = Release|Any CPU
		{E835F1E5-DD55-4DF2-812A-CFC0914B81E7}.Release|x64.ActiveCfg = Release|Any CPU
		{E835F1E5-DD55-4DF2-812A-CFC0914B81E7}.Release|x64.Build.0 = Release|Any CPU
		{E835F1E5-DD55-4DF2-812A-CFC0914B81E7}.Release|x86.ActiveCfg = Release|Any CPU
		{E835F1E5-DD55-4DF2-812A-CFC0914B81E7}.Release|x86.Build.0 = Release|Any CPU
		{ED4949C9-BF4A-ED3C-D39E-F95FF45D75F7}.Debug|Any CPU.ActiveCfg = Debug|Any CPU
		{ED4949C9-BF4A-ED3C-D39E-F95FF45D75F7}.Debug|Any CPU.Build.0 = Debug|Any CPU
		{ED4949C9-BF4A-ED3C-D39E-F95FF45D75F7}.Debug|x64.ActiveCfg = Debug|Any CPU
		{ED4949C9-BF4A-ED3C-D39E-F95FF45D75F7}.Debug|x64.Build.0 = Debug|Any CPU
		{ED4949C9-BF4A-ED3C-D39E-F95FF45D75F7}.Debug|x86.ActiveCfg = Debug|Any CPU
		{ED4949C9-BF4A-ED3C-D39E-F95FF45D75F7}.Debug|x86.Build.0 = Debug|Any CPU
		{ED4949C9-BF4A-ED3C-D39E-F95FF45D75F7}.Release|Any CPU.ActiveCfg = Release|Any CPU
		{ED4949C9-BF4A-ED3C-D39E-F95FF45D75F7}.Release|Any CPU.Build.0 = Release|Any CPU
		{ED4949C9-BF4A-ED3C-D39E-F95FF45D75F7}.Release|x64.ActiveCfg = Release|Any CPU
		{ED4949C9-BF4A-ED3C-D39E-F95FF45D75F7}.Release|x64.Build.0 = Release|Any CPU
		{ED4949C9-BF4A-ED3C-D39E-F95FF45D75F7}.Release|x86.ActiveCfg = Release|Any CPU
		{ED4949C9-BF4A-ED3C-D39E-F95FF45D75F7}.Release|x86.Build.0 = Release|Any CPU
		{337E13B3-96FE-4A02-866E-57C1AEDAB059}.Debug|Any CPU.ActiveCfg = Debug|Any CPU
		{337E13B3-96FE-4A02-866E-57C1AEDAB059}.Debug|Any CPU.Build.0 = Debug|Any CPU
		{337E13B3-96FE-4A02-866E-57C1AEDAB059}.Debug|x64.ActiveCfg = Debug|Any CPU
		{337E13B3-96FE-4A02-866E-57C1AEDAB059}.Debug|x64.Build.0 = Debug|Any CPU
		{337E13B3-96FE-4A02-866E-57C1AEDAB059}.Debug|x86.ActiveCfg = Debug|Any CPU
		{337E13B3-96FE-4A02-866E-57C1AEDAB059}.Debug|x86.Build.0 = Debug|Any CPU
		{337E13B3-96FE-4A02-866E-57C1AEDAB059}.Release|Any CPU.ActiveCfg = Release|Any CPU
		{337E13B3-96FE-4A02-866E-57C1AEDAB059}.Release|Any CPU.Build.0 = Release|Any CPU
		{337E13B3-96FE-4A02-866E-57C1AEDAB059}.Release|x64.ActiveCfg = Release|Any CPU
		{337E13B3-96FE-4A02-866E-57C1AEDAB059}.Release|x64.Build.0 = Release|Any CPU
		{337E13B3-96FE-4A02-866E-57C1AEDAB059}.Release|x86.ActiveCfg = Release|Any CPU
		{337E13B3-96FE-4A02-866E-57C1AEDAB059}.Release|x86.Build.0 = Release|Any CPU
		{44DF8F57-EDD6-40FF-940F-A88031DC767D}.Debug|Any CPU.ActiveCfg = Debug|Any CPU
		{44DF8F57-EDD6-40FF-940F-A88031DC767D}.Debug|Any CPU.Build.0 = Debug|Any CPU
		{44DF8F57-EDD6-40FF-940F-A88031DC767D}.Debug|x64.ActiveCfg = Debug|Any CPU
		{44DF8F57-EDD6-40FF-940F-A88031DC767D}.Debug|x64.Build.0 = Debug|Any CPU
		{44DF8F57-EDD6-40FF-940F-A88031DC767D}.Debug|x86.ActiveCfg = Debug|Any CPU
		{44DF8F57-EDD6-40FF-940F-A88031DC767D}.Debug|x86.Build.0 = Debug|Any CPU
		{44DF8F57-EDD6-40FF-940F-A88031DC767D}.Release|Any CPU.ActiveCfg = Release|Any CPU
		{44DF8F57-EDD6-40FF-940F-A88031DC767D}.Release|Any CPU.Build.0 = Release|Any CPU
		{44DF8F57-EDD6-40FF-940F-A88031DC767D}.Release|x64.ActiveCfg = Release|Any CPU
		{44DF8F57-EDD6-40FF-940F-A88031DC767D}.Release|x64.Build.0 = Release|Any CPU
		{44DF8F57-EDD6-40FF-940F-A88031DC767D}.Release|x86.ActiveCfg = Release|Any CPU
		{44DF8F57-EDD6-40FF-940F-A88031DC767D}.Release|x86.Build.0 = Release|Any CPU
		{74D454F5-BCBE-4DB2-8E98-12336F67A20D}.Debug|Any CPU.ActiveCfg = Debug|Any CPU
		{74D454F5-BCBE-4DB2-8E98-12336F67A20D}.Debug|Any CPU.Build.0 = Debug|Any CPU
		{74D454F5-BCBE-4DB2-8E98-12336F67A20D}.Debug|x64.ActiveCfg = Debug|Any CPU
		{74D454F5-BCBE-4DB2-8E98-12336F67A20D}.Debug|x64.Build.0 = Debug|Any CPU
		{74D454F5-BCBE-4DB2-8E98-12336F67A20D}.Debug|x86.ActiveCfg = Debug|Any CPU
		{74D454F5-BCBE-4DB2-8E98-12336F67A20D}.Debug|x86.Build.0 = Debug|Any CPU
		{74D454F5-BCBE-4DB2-8E98-12336F67A20D}.Release|Any CPU.ActiveCfg = Release|Any CPU
		{74D454F5-BCBE-4DB2-8E98-12336F67A20D}.Release|Any CPU.Build.0 = Release|Any CPU
		{74D454F5-BCBE-4DB2-8E98-12336F67A20D}.Release|x64.ActiveCfg = Release|Any CPU
		{74D454F5-BCBE-4DB2-8E98-12336F67A20D}.Release|x64.Build.0 = Release|Any CPU
		{74D454F5-BCBE-4DB2-8E98-12336F67A20D}.Release|x86.ActiveCfg = Release|Any CPU
		{74D454F5-BCBE-4DB2-8E98-12336F67A20D}.Release|x86.Build.0 = Release|Any CPU
		{67BB7490-B63F-4532-9B9C-59EF89B0ED88}.Debug|Any CPU.ActiveCfg = Debug|Any CPU
		{67BB7490-B63F-4532-9B9C-59EF89B0ED88}.Debug|Any CPU.Build.0 = Debug|Any CPU
		{67BB7490-B63F-4532-9B9C-59EF89B0ED88}.Debug|x64.ActiveCfg = Debug|Any CPU
		{67BB7490-B63F-4532-9B9C-59EF89B0ED88}.Debug|x64.Build.0 = Debug|Any CPU
		{67BB7490-B63F-4532-9B9C-59EF89B0ED88}.Debug|x86.ActiveCfg = Debug|Any CPU
		{67BB7490-B63F-4532-9B9C-59EF89B0ED88}.Debug|x86.Build.0 = Debug|Any CPU
		{67BB7490-B63F-4532-9B9C-59EF89B0ED88}.Release|Any CPU.ActiveCfg = Release|Any CPU
		{67BB7490-B63F-4532-9B9C-59EF89B0ED88}.Release|Any CPU.Build.0 = Release|Any CPU
		{67BB7490-B63F-4532-9B9C-59EF89B0ED88}.Release|x64.ActiveCfg = Release|Any CPU
		{67BB7490-B63F-4532-9B9C-59EF89B0ED88}.Release|x64.Build.0 = Release|Any CPU
		{67BB7490-B63F-4532-9B9C-59EF89B0ED88}.Release|x86.ActiveCfg = Release|Any CPU
		{67BB7490-B63F-4532-9B9C-59EF89B0ED88}.Release|x86.Build.0 = Release|Any CPU
		{13D309C7-F2B4-4FB3-99FE-D88ED9EEFBF7}.Debug|Any CPU.ActiveCfg = Debug|Any CPU
		{13D309C7-F2B4-4FB3-99FE-D88ED9EEFBF7}.Debug|Any CPU.Build.0 = Debug|Any CPU
		{13D309C7-F2B4-4FB3-99FE-D88ED9EEFBF7}.Debug|x64.ActiveCfg = Debug|Any CPU
		{13D309C7-F2B4-4FB3-99FE-D88ED9EEFBF7}.Debug|x64.Build.0 = Debug|Any CPU
		{13D309C7-F2B4-4FB3-99FE-D88ED9EEFBF7}.Debug|x86.ActiveCfg = Debug|Any CPU
		{13D309C7-F2B4-4FB3-99FE-D88ED9EEFBF7}.Debug|x86.Build.0 = Debug|Any CPU
		{13D309C7-F2B4-4FB3-99FE-D88ED9EEFBF7}.Release|Any CPU.ActiveCfg = Release|Any CPU
		{13D309C7-F2B4-4FB3-99FE-D88ED9EEFBF7}.Release|Any CPU.Build.0 = Release|Any CPU
		{13D309C7-F2B4-4FB3-99FE-D88ED9EEFBF7}.Release|x64.ActiveCfg = Release|Any CPU
		{13D309C7-F2B4-4FB3-99FE-D88ED9EEFBF7}.Release|x64.Build.0 = Release|Any CPU
		{13D309C7-F2B4-4FB3-99FE-D88ED9EEFBF7}.Release|x86.ActiveCfg = Release|Any CPU
		{13D309C7-F2B4-4FB3-99FE-D88ED9EEFBF7}.Release|x86.Build.0 = Release|Any CPU
		{331FB5CC-ECF2-4FAC-B947-2922BC8EAA5F}.Debug|Any CPU.ActiveCfg = Debug|Any CPU
		{331FB5CC-ECF2-4FAC-B947-2922BC8EAA5F}.Debug|Any CPU.Build.0 = Debug|Any CPU
		{331FB5CC-ECF2-4FAC-B947-2922BC8EAA5F}.Debug|x64.ActiveCfg = Debug|Any CPU
		{331FB5CC-ECF2-4FAC-B947-2922BC8EAA5F}.Debug|x64.Build.0 = Debug|Any CPU
		{331FB5CC-ECF2-4FAC-B947-2922BC8EAA5F}.Debug|x86.ActiveCfg = Debug|Any CPU
		{331FB5CC-ECF2-4FAC-B947-2922BC8EAA5F}.Debug|x86.Build.0 = Debug|Any CPU
		{331FB5CC-ECF2-4FAC-B947-2922BC8EAA5F}.Release|Any CPU.ActiveCfg = Release|Any CPU
		{331FB5CC-ECF2-4FAC-B947-2922BC8EAA5F}.Release|Any CPU.Build.0 = Release|Any CPU
		{331FB5CC-ECF2-4FAC-B947-2922BC8EAA5F}.Release|x64.ActiveCfg = Release|Any CPU
		{331FB5CC-ECF2-4FAC-B947-2922BC8EAA5F}.Release|x64.Build.0 = Release|Any CPU
		{331FB5CC-ECF2-4FAC-B947-2922BC8EAA5F}.Release|x86.ActiveCfg = Release|Any CPU
		{331FB5CC-ECF2-4FAC-B947-2922BC8EAA5F}.Release|x86.Build.0 = Release|Any CPU
		{973D3338-9326-2EF0-019C-C9E793677FA2}.Debug|Any CPU.ActiveCfg = Debug|Any CPU
		{973D3338-9326-2EF0-019C-C9E793677FA2}.Debug|Any CPU.Build.0 = Debug|Any CPU
		{973D3338-9326-2EF0-019C-C9E793677FA2}.Debug|x64.ActiveCfg = Debug|Any CPU
		{973D3338-9326-2EF0-019C-C9E793677FA2}.Debug|x64.Build.0 = Debug|Any CPU
		{973D3338-9326-2EF0-019C-C9E793677FA2}.Debug|x86.ActiveCfg = Debug|Any CPU
		{973D3338-9326-2EF0-019C-C9E793677FA2}.Debug|x86.Build.0 = Debug|Any CPU
		{973D3338-9326-2EF0-019C-C9E793677FA2}.Release|Any CPU.ActiveCfg = Release|Any CPU
		{973D3338-9326-2EF0-019C-C9E793677FA2}.Release|Any CPU.Build.0 = Release|Any CPU
		{973D3338-9326-2EF0-019C-C9E793677FA2}.Release|x64.ActiveCfg = Release|Any CPU
		{973D3338-9326-2EF0-019C-C9E793677FA2}.Release|x64.Build.0 = Release|Any CPU
		{973D3338-9326-2EF0-019C-C9E793677FA2}.Release|x86.ActiveCfg = Release|Any CPU
		{973D3338-9326-2EF0-019C-C9E793677FA2}.Release|x86.Build.0 = Release|Any CPU
		{096E039A-C707-47D9-BE1D-B6DA86E5022B}.Debug|Any CPU.ActiveCfg = Debug|Any CPU
		{096E039A-C707-47D9-BE1D-B6DA86E5022B}.Debug|Any CPU.Build.0 = Debug|Any CPU
		{096E039A-C707-47D9-BE1D-B6DA86E5022B}.Debug|x64.ActiveCfg = Debug|Any CPU
		{096E039A-C707-47D9-BE1D-B6DA86E5022B}.Debug|x64.Build.0 = Debug|Any CPU
		{096E039A-C707-47D9-BE1D-B6DA86E5022B}.Debug|x86.ActiveCfg = Debug|Any CPU
		{096E039A-C707-47D9-BE1D-B6DA86E5022B}.Debug|x86.Build.0 = Debug|Any CPU
		{096E039A-C707-47D9-BE1D-B6DA86E5022B}.Release|Any CPU.ActiveCfg = Release|Any CPU
		{096E039A-C707-47D9-BE1D-B6DA86E5022B}.Release|Any CPU.Build.0 = Release|Any CPU
		{096E039A-C707-47D9-BE1D-B6DA86E5022B}.Release|x64.ActiveCfg = Release|Any CPU
		{096E039A-C707-47D9-BE1D-B6DA86E5022B}.Release|x64.Build.0 = Release|Any CPU
		{096E039A-C707-47D9-BE1D-B6DA86E5022B}.Release|x86.ActiveCfg = Release|Any CPU
		{096E039A-C707-47D9-BE1D-B6DA86E5022B}.Release|x86.Build.0 = Release|Any CPU
		{70820D65-1A9A-4BC0-A957-12172907525A}.Debug|Any CPU.ActiveCfg = Debug|Any CPU
		{70820D65-1A9A-4BC0-A957-12172907525A}.Debug|Any CPU.Build.0 = Debug|Any CPU
		{70820D65-1A9A-4BC0-A957-12172907525A}.Debug|x64.ActiveCfg = Debug|Any CPU
		{70820D65-1A9A-4BC0-A957-12172907525A}.Debug|x64.Build.0 = Debug|Any CPU
		{70820D65-1A9A-4BC0-A957-12172907525A}.Debug|x86.ActiveCfg = Debug|Any CPU
		{70820D65-1A9A-4BC0-A957-12172907525A}.Debug|x86.Build.0 = Debug|Any CPU
		{70820D65-1A9A-4BC0-A957-12172907525A}.Release|Any CPU.ActiveCfg = Release|Any CPU
		{70820D65-1A9A-4BC0-A957-12172907525A}.Release|Any CPU.Build.0 = Release|Any CPU
		{70820D65-1A9A-4BC0-A957-12172907525A}.Release|x64.ActiveCfg = Release|Any CPU
		{70820D65-1A9A-4BC0-A957-12172907525A}.Release|x64.Build.0 = Release|Any CPU
		{70820D65-1A9A-4BC0-A957-12172907525A}.Release|x86.ActiveCfg = Release|Any CPU
		{70820D65-1A9A-4BC0-A957-12172907525A}.Release|x86.Build.0 = Release|Any CPU
		{9646B583-4427-4488-BAC1-F41713D11611}.Debug|Any CPU.ActiveCfg = Debug|Any CPU
		{9646B583-4427-4488-BAC1-F41713D11611}.Debug|Any CPU.Build.0 = Debug|Any CPU
		{9646B583-4427-4488-BAC1-F41713D11611}.Debug|x64.ActiveCfg = Debug|Any CPU
		{9646B583-4427-4488-BAC1-F41713D11611}.Debug|x64.Build.0 = Debug|Any CPU
		{9646B583-4427-4488-BAC1-F41713D11611}.Debug|x86.ActiveCfg = Debug|Any CPU
		{9646B583-4427-4488-BAC1-F41713D11611}.Debug|x86.Build.0 = Debug|Any CPU
		{9646B583-4427-4488-BAC1-F41713D11611}.Release|Any CPU.ActiveCfg = Release|Any CPU
		{9646B583-4427-4488-BAC1-F41713D11611}.Release|Any CPU.Build.0 = Release|Any CPU
		{9646B583-4427-4488-BAC1-F41713D11611}.Release|x64.ActiveCfg = Release|Any CPU
		{9646B583-4427-4488-BAC1-F41713D11611}.Release|x64.Build.0 = Release|Any CPU
		{9646B583-4427-4488-BAC1-F41713D11611}.Release|x86.ActiveCfg = Release|Any CPU
		{9646B583-4427-4488-BAC1-F41713D11611}.Release|x86.Build.0 = Release|Any CPU
		{8F208FCC-1290-4C22-9505-743BC4BAA33F}.Debug|Any CPU.ActiveCfg = Debug|Any CPU
		{8F208FCC-1290-4C22-9505-743BC4BAA33F}.Debug|Any CPU.Build.0 = Debug|Any CPU
		{8F208FCC-1290-4C22-9505-743BC4BAA33F}.Debug|x64.ActiveCfg = Debug|Any CPU
		{8F208FCC-1290-4C22-9505-743BC4BAA33F}.Debug|x64.Build.0 = Debug|Any CPU
		{8F208FCC-1290-4C22-9505-743BC4BAA33F}.Debug|x86.ActiveCfg = Debug|Any CPU
		{8F208FCC-1290-4C22-9505-743BC4BAA33F}.Debug|x86.Build.0 = Debug|Any CPU
		{8F208FCC-1290-4C22-9505-743BC4BAA33F}.Release|Any CPU.ActiveCfg = Release|Any CPU
		{8F208FCC-1290-4C22-9505-743BC4BAA33F}.Release|Any CPU.Build.0 = Release|Any CPU
		{8F208FCC-1290-4C22-9505-743BC4BAA33F}.Release|x64.ActiveCfg = Release|Any CPU
		{8F208FCC-1290-4C22-9505-743BC4BAA33F}.Release|x64.Build.0 = Release|Any CPU
		{8F208FCC-1290-4C22-9505-743BC4BAA33F}.Release|x86.ActiveCfg = Release|Any CPU
		{8F208FCC-1290-4C22-9505-743BC4BAA33F}.Release|x86.Build.0 = Release|Any CPU
		{B774899C-8928-EFBC-3A14-54DAC14F3780}.Debug|Any CPU.ActiveCfg = Debug|Any CPU
		{B774899C-8928-EFBC-3A14-54DAC14F3780}.Debug|Any CPU.Build.0 = Debug|Any CPU
		{B774899C-8928-EFBC-3A14-54DAC14F3780}.Debug|x64.ActiveCfg = Debug|Any CPU
		{B774899C-8928-EFBC-3A14-54DAC14F3780}.Debug|x64.Build.0 = Debug|Any CPU
		{B774899C-8928-EFBC-3A14-54DAC14F3780}.Debug|x86.ActiveCfg = Debug|Any CPU
		{B774899C-8928-EFBC-3A14-54DAC14F3780}.Debug|x86.Build.0 = Debug|Any CPU
		{B774899C-8928-EFBC-3A14-54DAC14F3780}.Release|Any CPU.ActiveCfg = Release|Any CPU
		{B774899C-8928-EFBC-3A14-54DAC14F3780}.Release|Any CPU.Build.0 = Release|Any CPU
		{B774899C-8928-EFBC-3A14-54DAC14F3780}.Release|x64.ActiveCfg = Release|Any CPU
		{B774899C-8928-EFBC-3A14-54DAC14F3780}.Release|x64.Build.0 = Release|Any CPU
		{B774899C-8928-EFBC-3A14-54DAC14F3780}.Release|x86.ActiveCfg = Release|Any CPU
		{B774899C-8928-EFBC-3A14-54DAC14F3780}.Release|x86.Build.0 = Release|Any CPU
		{C25045FF-50B1-4E01-9C96-91552683776F}.Debug|Any CPU.ActiveCfg = Debug|Any CPU
		{C25045FF-50B1-4E01-9C96-91552683776F}.Debug|Any CPU.Build.0 = Debug|Any CPU
		{C25045FF-50B1-4E01-9C96-91552683776F}.Debug|x64.ActiveCfg = Debug|Any CPU
		{C25045FF-50B1-4E01-9C96-91552683776F}.Debug|x64.Build.0 = Debug|Any CPU
		{C25045FF-50B1-4E01-9C96-91552683776F}.Debug|x86.ActiveCfg = Debug|Any CPU
		{C25045FF-50B1-4E01-9C96-91552683776F}.Debug|x86.Build.0 = Debug|Any CPU
		{C25045FF-50B1-4E01-9C96-91552683776F}.Release|Any CPU.ActiveCfg = Release|Any CPU
		{C25045FF-50B1-4E01-9C96-91552683776F}.Release|Any CPU.Build.0 = Release|Any CPU
		{C25045FF-50B1-4E01-9C96-91552683776F}.Release|x64.ActiveCfg = Release|Any CPU
		{C25045FF-50B1-4E01-9C96-91552683776F}.Release|x64.Build.0 = Release|Any CPU
		{C25045FF-50B1-4E01-9C96-91552683776F}.Release|x86.ActiveCfg = Release|Any CPU
		{C25045FF-50B1-4E01-9C96-91552683776F}.Release|x86.Build.0 = Release|Any CPU
		{5E8FCF68-43EC-4A8E-ADEC-44E486FC2A81}.Debug|Any CPU.ActiveCfg = Debug|Any CPU
		{5E8FCF68-43EC-4A8E-ADEC-44E486FC2A81}.Debug|Any CPU.Build.0 = Debug|Any CPU
		{5E8FCF68-43EC-4A8E-ADEC-44E486FC2A81}.Debug|x64.ActiveCfg = Debug|Any CPU
		{5E8FCF68-43EC-4A8E-ADEC-44E486FC2A81}.Debug|x64.Build.0 = Debug|Any CPU
		{5E8FCF68-43EC-4A8E-ADEC-44E486FC2A81}.Debug|x86.ActiveCfg = Debug|Any CPU
		{5E8FCF68-43EC-4A8E-ADEC-44E486FC2A81}.Debug|x86.Build.0 = Debug|Any CPU
		{5E8FCF68-43EC-4A8E-ADEC-44E486FC2A81}.Release|Any CPU.ActiveCfg = Release|Any CPU
		{5E8FCF68-43EC-4A8E-ADEC-44E486FC2A81}.Release|Any CPU.Build.0 = Release|Any CPU
		{5E8FCF68-43EC-4A8E-ADEC-44E486FC2A81}.Release|x64.ActiveCfg = Release|Any CPU
		{5E8FCF68-43EC-4A8E-ADEC-44E486FC2A81}.Release|x64.Build.0 = Release|Any CPU
		{5E8FCF68-43EC-4A8E-ADEC-44E486FC2A81}.Release|x86.ActiveCfg = Release|Any CPU
		{5E8FCF68-43EC-4A8E-ADEC-44E486FC2A81}.Release|x86.Build.0 = Release|Any CPU
		{3FB390AF-CCC0-23CE-8DC1-8E19DFBC2A83}.Debug|Any CPU.ActiveCfg = Debug|Any CPU
		{3FB390AF-CCC0-23CE-8DC1-8E19DFBC2A83}.Debug|Any CPU.Build.0 = Debug|Any CPU
		{3FB390AF-CCC0-23CE-8DC1-8E19DFBC2A83}.Debug|x64.ActiveCfg = Debug|Any CPU
		{3FB390AF-CCC0-23CE-8DC1-8E19DFBC2A83}.Debug|x64.Build.0 = Debug|Any CPU
		{3FB390AF-CCC0-23CE-8DC1-8E19DFBC2A83}.Debug|x86.ActiveCfg = Debug|Any CPU
		{3FB390AF-CCC0-23CE-8DC1-8E19DFBC2A83}.Debug|x86.Build.0 = Debug|Any CPU
		{3FB390AF-CCC0-23CE-8DC1-8E19DFBC2A83}.Release|Any CPU.ActiveCfg = Release|Any CPU
		{3FB390AF-CCC0-23CE-8DC1-8E19DFBC2A83}.Release|Any CPU.Build.0 = Release|Any CPU
		{3FB390AF-CCC0-23CE-8DC1-8E19DFBC2A83}.Release|x64.ActiveCfg = Release|Any CPU
		{3FB390AF-CCC0-23CE-8DC1-8E19DFBC2A83}.Release|x64.Build.0 = Release|Any CPU
		{3FB390AF-CCC0-23CE-8DC1-8E19DFBC2A83}.Release|x86.ActiveCfg = Release|Any CPU
		{3FB390AF-CCC0-23CE-8DC1-8E19DFBC2A83}.Release|x86.Build.0 = Release|Any CPU
		{F7BCF4DC-0E6B-41D0-401E-0FCD1605AC0F}.Debug|Any CPU.ActiveCfg = Debug|Any CPU
		{F7BCF4DC-0E6B-41D0-401E-0FCD1605AC0F}.Debug|Any CPU.Build.0 = Debug|Any CPU
		{F7BCF4DC-0E6B-41D0-401E-0FCD1605AC0F}.Debug|x64.ActiveCfg = Debug|Any CPU
		{F7BCF4DC-0E6B-41D0-401E-0FCD1605AC0F}.Debug|x64.Build.0 = Debug|Any CPU
		{F7BCF4DC-0E6B-41D0-401E-0FCD1605AC0F}.Debug|x86.ActiveCfg = Debug|Any CPU
		{F7BCF4DC-0E6B-41D0-401E-0FCD1605AC0F}.Debug|x86.Build.0 = Debug|Any CPU
		{F7BCF4DC-0E6B-41D0-401E-0FCD1605AC0F}.Release|Any CPU.ActiveCfg = Release|Any CPU
		{F7BCF4DC-0E6B-41D0-401E-0FCD1605AC0F}.Release|Any CPU.Build.0 = Release|Any CPU
		{F7BCF4DC-0E6B-41D0-401E-0FCD1605AC0F}.Release|x64.ActiveCfg = Release|Any CPU
		{F7BCF4DC-0E6B-41D0-401E-0FCD1605AC0F}.Release|x64.Build.0 = Release|Any CPU
		{F7BCF4DC-0E6B-41D0-401E-0FCD1605AC0F}.Release|x86.ActiveCfg = Release|Any CPU
		{F7BCF4DC-0E6B-41D0-401E-0FCD1605AC0F}.Release|x86.Build.0 = Release|Any CPU
		{6C7387A2-6010-47B6-9D73-52C8F9374172}.Debug|Any CPU.ActiveCfg = Debug|Any CPU
		{6C7387A2-6010-47B6-9D73-52C8F9374172}.Debug|Any CPU.Build.0 = Debug|Any CPU
		{6C7387A2-6010-47B6-9D73-52C8F9374172}.Debug|x64.ActiveCfg = Debug|Any CPU
		{6C7387A2-6010-47B6-9D73-52C8F9374172}.Debug|x64.Build.0 = Debug|Any CPU
		{6C7387A2-6010-47B6-9D73-52C8F9374172}.Debug|x86.ActiveCfg = Debug|Any CPU
		{6C7387A2-6010-47B6-9D73-52C8F9374172}.Debug|x86.Build.0 = Debug|Any CPU
		{6C7387A2-6010-47B6-9D73-52C8F9374172}.Release|Any CPU.ActiveCfg = Release|Any CPU
		{6C7387A2-6010-47B6-9D73-52C8F9374172}.Release|Any CPU.Build.0 = Release|Any CPU
		{6C7387A2-6010-47B6-9D73-52C8F9374172}.Release|x64.ActiveCfg = Release|Any CPU
		{6C7387A2-6010-47B6-9D73-52C8F9374172}.Release|x64.Build.0 = Release|Any CPU
		{6C7387A2-6010-47B6-9D73-52C8F9374172}.Release|x86.ActiveCfg = Release|Any CPU
		{6C7387A2-6010-47B6-9D73-52C8F9374172}.Release|x86.Build.0 = Release|Any CPU
	EndGlobalSection
	GlobalSection(SolutionProperties) = preSolution
		HideSolutionNode = FALSE
	EndGlobalSection
	GlobalSection(NestedProjects) = preSolution
		{B3D8A9E2-4F1C-4E89-9A7B-1234567890AB} = {02EA681E-C7D8-13C7-8484-4AC65E1B71E8}
		{FDB55AAA-22C3-9613-2793-08ECC9CC119E} = {02EA681E-C7D8-13C7-8484-4AC65E1B71E8}
		{F789E9AA-8CC8-61BE-1F68-2DE03BDA4E4D} = {02EA681E-C7D8-13C7-8484-4AC65E1B71E8}
		{BC4BAEBF-B8F1-F954-CC2C-B9E53029ABF6} = {02EA681E-C7D8-13C7-8484-4AC65E1B71E8}
		{0F10D18C-AE48-2A98-856B-7657911BEFDE} = {02EA681E-C7D8-13C7-8484-4AC65E1B71E8}
		{ED4949C9-BF4A-ED3C-D39E-F95FF45D75F7} = {02EA681E-C7D8-13C7-8484-4AC65E1B71E8}
		{973D3338-9326-2EF0-019C-C9E793677FA2} = {02EA681E-C7D8-13C7-8484-4AC65E1B71E8}
		{096E039A-C707-47D9-BE1D-B6DA86E5022B} = {02EA681E-C7D8-13C7-8484-4AC65E1B71E8}
		{70820D65-1A9A-4BC0-A957-12172907525A} = {02EA681E-C7D8-13C7-8484-4AC65E1B71E8}
		{9646B583-4427-4488-BAC1-F41713D11611} = {02EA681E-C7D8-13C7-8484-4AC65E1B71E8}
		{B774899C-8928-EFBC-3A14-54DAC14F3780} = {02EA681E-C7D8-13C7-8484-4AC65E1B71E8}
		{3FB390AF-CCC0-23CE-8DC1-8E19DFBC2A83} = {02EA681E-C7D8-13C7-8484-4AC65E1B71E8}
		{F7BCF4DC-0E6B-41D0-401E-0FCD1605AC0F} = {02EA681E-C7D8-13C7-8484-4AC65E1B71E8}
	EndGlobalSection
	GlobalSection(ExtensibilityGlobals) = postSolution
		SolutionGuid = {D3DC11E5-00EA-4419-A30F-F9A9F0843104}
	EndGlobalSection
EndGlobal
